{
  "nodes": {
    "agenix": {
      "inputs": {
        "darwin": [
          "nix-darwin"
        ],
        "home-manager": [],
        "nixpkgs": [
          "nixpkgs"
        ],
        "systems": "systems"
      },
      "locked": {
        "lastModified": 1770165109,
        "narHash": "sha256-9VnK6Oqai65puVJ4WYtCTvlJeXxMzAp/69HhQuTdl/I=",
        "owner": "ryantm",
        "repo": "agenix",
        "rev": "b027ee29d959fda4b60b57566d64c98a202e0feb",
        "type": "github"
      },
      "original": {
        "owner": "ryantm",
        "repo": "agenix",
        "type": "github"
      }
    },
    "brew-src": {
      "flake": false,
      "locked": {
        "lastModified": 1786348930,
        "narHash": "sha256-bCQJkbgsAMDp5HQystZLCq11UHiyEuoWbxKulAPYrh8=",
        "owner": "Homebrew",
        "repo": "brew",
        "rev": "3ecc9eff23feebf1bc73846d74e14a122c93b66f",
        "type": "github"
      },
      "original": {
        "owner": "Homebrew",
        "ref": "6.0.16",
        "repo": "brew",
        "type": "github"
      }
    },
    "chaotic": {
      "inputs": {
        "flake-schemas": "flake-schemas",
        "home-manager": [
          "home-manager"
        ],
        "nixpkgs": [
          "nixpkgs"
        ]
      },
      "locked": {
        "lastModified": 1784296147,
        "narHash": "sha256-QVTkr/X8bEHr2dZNeHBG4+GX0MfYpP6LWqUTojxUD+8=",
        "owner": "chaotic-cx",
        "repo": "nyx",
        "rev": "7641abc6f0af1496cbb812613d9db6f74e9e1e4a",
        "type": "github"
      },
      "original": {
        "owner": "chaotic-cx",
        "ref": "nyxpkgs-unstable",
        "repo": "nyx",
        "type": "github"
      }
    },
    "flake-parts": {
      "inputs": {
        "nixpkgs-lib": [
          "nixpkgs"
        ]
      },
      "locked": {
        "lastModified": 1782949081,
        "narHash": "sha256-vp6Y/Grm98ESt6ceOkWiHWyZRDV3J1RID4w+6NWK9yA=",
        "owner": "hercules-ci",
        "repo": "flake-parts",
        "rev": "17c9d6cdfc60c64f4ee8d306f9bc0b4ccb51481e",
        "type": "github"
      },
      "original": {
        "owner": "hercules-ci",
        "repo": "flake-parts",
        "type": "github"
      }
    },
    "flake-schemas": {
      "locked": {
        "lastModified": 1780327564,
        "narHash": "sha256-HiRPtA0spK+Dkgbhz/1zW9glXxNVB+L4Rj2VYmdawb8=",
        "rev": "6cc9bd98891b1fc6bb2b8cb3277df8bc72799ca6",
        "revCount": 149,
        "type": "tarball",
        "url": "https://api.flakehub.com/f/pinned/DeterminateSystems/flake-schemas/0.5.0/019e83cf-9af3-78b1-ac5b-70e68ad1efe1/source.tar.gz"
      },
      "original": {
        "type": "tarball",
        "url": "https://flakehub.com/f/DeterminateSystems/flake-schemas/%3D0.5.0.tar.gz"
      }
    },
    "home-manager": {
      "inputs": {
        "nixpkgs": [
          "nixpkgs"
        ]
      },
      "locked": {
        "lastModified": 1784129366,
        "narHash": "sha256-N5JiyICSeQF14x+OQebNyPpYowOT9Rs1iKyeCylSzOA=",
        "owner": "nix-community",
        "repo": "home-manager",
        "rev": "165228b0efefc3e635e5174020c40ea64271dc25",
        "type": "github"
      },
      "original": {
        "owner": "nix-community",
        "repo": "home-manager",
        "type": "github"
      }
    },
    "homebrew": {
      "inputs": {
        "brew-src": "brew-src"
      },
      "locked": {
        "lastModified": 1786686423,
        "narHash": "sha256-8q3WdB8o3VUI7rOz1OXfioXIaaWbFTAxRJAkWLlfc0s=",
        "owner": "zhaofengli",
        "repo": "nix-homebrew",
        "rev": "ccabf79a6b9845eb72b51ea1d9c7ce3446350df3",
        "type": "github"
      },
      "original": {
        "owner": "zhaofengli",
        "repo": "nix-homebrew",
        "type": "github"
      }
    },
    "homebrew-apple": {
      "flake": false,
      "locked": {
        "lastModified": 1700101961,
        "narHash": "sha256-VGt2OfrqnxyqJCsd6c4I7BP3EhcMrPbOLP7WBL5Mh4I=",
        "owner": "apple",
        "repo": "homebrew-apple",
        "rev": "2bc44284e24d39ed64d6f492a0e1f4c47a5ced08",
        "type": "github"
      },
      "original": {
        "owner": "apple",
        "repo": "homebrew-apple",
        "type": "github"
      }
    },
    "homebrew-cask": {
      "flake": false,
      "locked": {
        "lastModified": 1786994243,
        "narHash": "sha256-hMdcZpAQChFkvijtZUJjwcPQhfWVQoZgCIlJFIHEHtM=",
        "owner": "homebrew",
        "repo": "homebrew-cask",
        "rev": "2e6caf0a81488bed78ca843c535b6d5c906fc985",
        "type": "github"
      },
      "original": {
        "owner": "homebrew",
        "repo": "homebrew-cask",
        "type": "github"
      }
    },
    "homebrew-core": {
      "flake": false,
      "locked": {
        "lastModified": 1786994466,
        "narHash": "sha256-JdozDTFSDJmYsPT6zfS+0wr/oOLAFrMh10MaIT19lGc=",
        "owner": "homebrew",
        "repo": "homebrew-core",
        "rev": "ff1f6062dd1d9547043ccdd89fe807f5a837b38a",
        "type": "github"
      },
      "original": {
        "owner": "homebrew",
        "repo": "homebrew-core",
        "type": "github"
      }
    },
    "homebrew-felixkratz": {
      "flake": false,
      "locked": {
        "lastModified": 1780547371,
        "narHash": "sha256-QGCVV5N1QC56GQK3ck2YJ6J6/S8SQ6rTElz69y58078=",
        "owner": "FelixKratz",
        "repo": "homebrew-formulae",
        "rev": "70b2071488b61c14f773ce9e1bf6626ee851981a",
        "type": "github"
      },
      "original": {
        "owner": "FelixKratz",
        "repo": "homebrew-formulae",
        "type": "github"
      }
    },
    "homebrew-osx-cross-arm": {
      "flake": false,
      "locked": {
        "lastModified": 1773151057,
        "narHash": "sha256-iRN00UzY6X0qmXHGGcH+Vt46DLpnhCEMQfy+EeasaUg=",
        "owner": "osx-cross",
        "repo": "homebrew-arm",
        "rev": "e3bb686fb159097c2fb3ee6d1acb3f7e4dd8a184",
        "type": "github"
      },
      "original": {
        "owner": "osx-cross",
        "repo": "homebrew-arm",
        "type": "github"
      }
    },
    "homebrew-tinycast": {
      "flake": false,
      "locked": {
        "lastModified": 1786987976,
        "narHash": "sha256-6RdC8FLs/X5MvZC0HhBA1AxzxPNveV7UWHiiT5ScDaw=",
        "owner": "abue-ammar",
        "repo": "homebrew-tinycast",
        "rev": "989a39cfaf0a4ae1bf5b642f33055ef4ffe8b808",
        "type": "github"
      },
      "original": {
        "owner": "abue-ammar",
        "repo": "homebrew-tinycast",
        "type": "github"
      }
    },
    "import-tree": {
      "locked": {
        "lastModified": 1773693634,
        "narHash": "sha256-BtZ2dtkBdSUnFPPFc+n0kcMbgaTxzFNPv2iaO326Ffg=",
        "owner": "vic",
        "repo": "import-tree",
        "rev": "c41e7d58045f9057880b0d85e1152d6a4430dbf1",
        "type": "github"
      },
      "original": {
        "owner": "vic",
        "repo": "import-tree",
        "type": "github"
      }
    },
    "nix-darwin": {
      "inputs": {
        "nixpkgs": [
          "nixpkgs"
        ]
      },
      "locked": {
        "lastModified": 1784123936,
        "narHash": "sha256-IOWwQMJhUxcojm0MRvuKs1fKLH727u4+hHeEOPhdUyA=",
        "owner": "LnL7",
        "repo": "nix-darwin",
        "rev": "a4cf1d10853b0d2be19b9eca35d749e201d70b55",
        "type": "github"
      },
      "original": {
        "owner": "LnL7",
        "repo": "nix-darwin",
        "type": "github"
      }
    },
    "nixpkgs": {
      "locked": {
        "lastModified": 1785318670,
        "narHash": "sha256-dN6Ou5x/+23FZLEpYP3IffO+NyJFzUlGumt1uu3MMaY=",
        "owner": "NixOS",
        "repo": "nixpkgs",
        "rev": "0954f7ee2f6bb3dc7d4e3d0d8bcb8fd4bde4cfc5",
        "type": "github"
      },
      "original": {
        "owner": "NixOS",
        "ref": "nixos-unstable",
        "repo": "nixpkgs",
        "type": "github"
      }
    },
    "paneru": {
      "inputs": {
        "flake-parts": [
          "flake-parts"
        ],
        "import-tree": "import-tree",
        "nix-darwin": [
          "nix-darwin"
        ],
        "nixpkgs": [
          "nixpkgs"
        ]
      },
      "locked": {
        "lastModified": 1786830663,
        "narHash": "sha256-woj/w8eF3z1jZ29DkhNQWR+5LRJFcupe8YUJKeANK1c=",
        "owner": "u-k-g",
        "repo": "paneru",
        "rev": "2894ad4bf2f8b9c1beff7adbb9e7ac7313e8d1c3",
        "type": "github"
      },
      "original": {
        "owner": "u-k-g",
        "repo": "paneru",
        "type": "github"
      }
    },
    "paperwm": {
      "flake": false,
      "locked": {
        "lastModified": 1785587501,
        "narHash": "sha256-FS0DobdVJ8U8S1lviNFeT0aV4GIj00ON7BCgWO0DkE8=",
        "ref": "refs/heads/main",
        "rev": "a291a40a8adb3f2986bac57f2482ba34a679850b",
        "revCount": 268,
        "type": "git",
        "url": "ssh://git@github.com/mogenson/PaperWM.spoon.git"
      },
      "original": {
        "type": "git",
        "url": "ssh://git@github.com/mogenson/PaperWM.spoon.git"
      }
    },
    "root": {
      "inputs": {
        "agenix": "agenix",
        "chaotic": "chaotic",
        "flake-parts": "flake-parts",
        "home-manager": "home-manager",
        "homebrew": "homebrew",
        "homebrew-apple": "homebrew-apple",
        "homebrew-cask": "homebrew-cask",
        "homebrew-core": "homebrew-core",
        "homebrew-felixkratz": "homebrew-felixkratz",
        "homebrew-osx-cross-arm": "homebrew-osx-cross-arm",
        "homebrew-tinycast": "homebrew-tinycast",
        "nix-darwin": "nix-darwin",
        "nixpkgs": "nixpkgs",
        "paneru": "paneru",
        "paperwm": "paperwm",
        "themes": "themes"
      }
    },
    "systems": {
      "locked": {
        "lastModified": 1681028828,
        "narHash": "sha256-Vy1rq5AaRuLzOxct8nz4T6wlgyUR7zLU309k9mBC768=",
        "owner": "nix-systems",
        "repo": "default",
        "rev": "da67096a3b9bf56a91d16901293e51ba5b49a27e",
        "type": "github"
      },
      "original": {
        "owner": "nix-systems",
        "repo": "default",
        "type": "github"
      }
    },
    "themes": {
      "locked": {
        "lastModified": 1770999457,
        "narHash": "sha256-018znIdT/TBFsNcDYv6l4NCnK96gDiJMODoIGqnVn7o=",
        "owner": "RGBCube",
        "repo": "ThemeNix",
        "rev": "3779a7ba289d88ea092063e8bc512cfe80f293ba",
        "type": "github"
      },
      "original": {
        "owner": "RGBCube",
        "repo": "ThemeNix",
        "type": "github"
      }
    }
  },
  "root": "root",
  "version": 7
}
