{
  "nodes": {
    "agenix": {
      "inputs": {
        "darwin": [
          "nix-darwin"
        ],
        "home-manager": [],
        "nixpkgs": [
          "nixpkgs"
        ],
        "systems": "systems"
      },
      "locked": {
        "lastModified": 1770165109,
        "narHash": "sha256-9VnK6Oqai65puVJ4WYtCTvlJeXxMzAp/69HhQuTdl/I=",
        "owner": "ryantm",
        "repo": "agenix",
        "rev": "b027ee29d959fda4b60b57566d64c98a202e0feb",
        "type": "github"
      },
      "original": {
        "owner": "ryantm",
        "repo": "agenix",
        "type": "github"
      }
    },
    "brew-src": {
      "flake": false,
      "locked": {
        "lastModified": 1786945682,
        "narHash": "sha256-VBESSoJccikdhxh3vp3SQeG7cZXTOulMvVkoSqNDEhs=",
        "owner": "Homebrew",
        "repo": "brew",
        "rev": "5b90e281d4e0c8fbd6ca4d8358276fb305b8d0bd",
        "type": "github"
      },
      "original": {
        "owner": "Homebrew",
        "ref": "6.0.18",
        "repo": "brew",
        "type": "github"
      }
    },
    "chaotic": {
      "inputs": {
        "flake-schemas": "flake-schemas",
        "home-manager": [],
        "nixpkgs": [
          "nixpkgs"
        ]
      },
      "locked": {
        "lastModified": 1784296147,
        "narHash": "sha256-QVTkr/X8bEHr2dZNeHBG4+GX0MfYpP6LWqUTojxUD+8=",
        "owner": "chaotic-cx",
        "repo": "nyx",
        "rev": "7641abc6f0af1496cbb812613d9db6f74e9e1e4a",
        "type": "github"
      },
      "original": {
        "owner": "chaotic-cx",
        "ref": "nyxpkgs-unstable",
        "repo": "nyx",
        "type": "github"
      }
    },
    "crane": {
      "locked": {
        "lastModified": 1785541369,
        "narHash": "sha256-6VCYI5xashcnAR1lambqt9FGh0F6kYhg1P2Z0VDlr48=",
        "owner": "ipetkov",
        "repo": "crane",
        "rev": "508ff4829aefddee8ea62291e86b144b58365724",
        "type": "github"
      },
      "original": {
        "owner": "ipetkov",
        "repo": "crane",
        "type": "github"
      }
    },
    "flake-parts": {
      "inputs": {
        "nixpkgs-lib": [
          "nixpkgs"
        ]
      },
      "locked": {
        "lastModified": 1782949081,
        "narHash": "sha256-vp6Y/Grm98ESt6ceOkWiHWyZRDV3J1RID4w+6NWK9yA=",
        "owner": "hercules-ci",
        "repo": "flake-parts",
        "rev": "17c9d6cdfc60c64f4ee8d306f9bc0b4ccb51481e",
        "type": "github"
      },
      "original": {
        "owner": "hercules-ci",
        "repo": "flake-parts",
        "type": "github"
      }
    },
    "flake-schemas": {
      "locked": {
        "lastModified": 1780327564,
        "narHash": "sha256-HiRPtA0spK+Dkgbhz/1zW9glXxNVB+L4Rj2VYmdawb8=",
        "rev": "6cc9bd98891b1fc6bb2b8cb3277df8bc72799ca6",
        "revCount": 149,
        "type": "tarball",
        "url": "https://api.flakehub.com/f/pinned/DeterminateSystems/flake-schemas/0.5.0/019e83cf-9af3-78b1-ac5b-70e68ad1efe1/source.tar.gz"
      },
      "original": {
        "type": "tarball",
        "url": "https://flakehub.com/f/DeterminateSystems/flake-schemas/%3D0.5.0.tar.gz"
      }
    },
    "hjem": {
      "inputs": {
        "nixpkgs": [
          "nixpkgs"
        ]
      },
      "locked": {
        "lastModified": 1784298522,
        "narHash": "sha256-H8jK/B3q+d2tKN5BCs3CfCsBPDSHdFIu91MWZdu2iOU=",
        "owner": "feel-co",
        "repo": "hjem",
        "rev": "5d5d73c8b49f7b29549922484d3e024ecf91b64d",
        "type": "github"
      },
      "original": {
        "owner": "feel-co",
        "ref": "pull/167/merge",
        "repo": "hjem",
        "type": "github"
      }
    },
    "homebrew": {
      "inputs": {
        "brew-src": "brew-src"
      },
      "locked": {
        "lastModified": 1787330919,
        "narHash": "sha256-LslMncqN7uOOH5S88WZtO/EVt2HwD8ltUnfyANk+mC0=",
        "owner": "zhaofengli",
        "repo": "nix-homebrew",
        "rev": "b00218e4aec0e5bf07d61a0bb13f842faa582d7b",
        "type": "github"
      },
      "original": {
        "owner": "zhaofengli",
        "repo": "nix-homebrew",
        "type": "github"
      }
    },
    "homebrew-apple": {
      "flake": false,
      "locked": {
        "lastModified": 1700101961,
        "narHash": "sha256-VGt2OfrqnxyqJCsd6c4I7BP3EhcMrPbOLP7WBL5Mh4I=",
        "owner": "apple",
        "repo": "homebrew-apple",
        "rev": "2bc44284e24d39ed64d6f492a0e1f4c47a5ced08",
        "type": "github"
      },
      "original": {
        "owner": "apple",
        "repo": "homebrew-apple",
        "type": "github"
      }
    },
    "homebrew-cask": {
      "flake": false,
      "locked": {
        "lastModified": 1787718857,
        "narHash": "sha256-KYTcUbCNwfiOzy6gFOqukKk3kBNR+vof6A6LGdhIXhU=",
        "owner": "homebrew",
        "repo": "homebrew-cask",
        "rev": "acb309e9d4db1a2bb2f9a51b0e701ec608d73a51",
        "type": "github"
      },
      "original": {
        "owner": "homebrew",
        "repo": "homebrew-cask",
        "type": "github"
      }
    },
    "homebrew-core": {
      "flake": false,
      "locked": {
        "lastModified": 1787719502,
        "narHash": "sha256-J4xA55Gjl9Mf07Qislbc26jm5q611vwc2Cf/L38ipK8=",
        "owner": "homebrew",
        "repo": "homebrew-core",
        "rev": "88937e9224909b37177529025c0c550c7c01e84c",
        "type": "github"
      },
      "original": {
        "owner": "homebrew",
        "repo": "homebrew-core",
        "type": "github"
      }
    },
    "homebrew-felixkratz": {
      "flake": false,
      "locked": {
        "lastModified": 1780547371,
        "narHash": "sha256-QGCVV5N1QC56GQK3ck2YJ6J6/S8SQ6rTElz69y58078=",
        "owner": "FelixKratz",
        "repo": "homebrew-formulae",
        "rev": "70b2071488b61c14f773ce9e1bf6626ee851981a",
        "type": "github"
      },
      "original": {
        "owner": "FelixKratz",
        "repo": "homebrew-formulae",
        "type": "github"
      }
    },
    "homebrew-osx-cross-arm": {
      "flake": false,
      "locked": {
        "lastModified": 1773151057,
        "narHash": "sha256-iRN00UzY6X0qmXHGGcH+Vt46DLpnhCEMQfy+EeasaUg=",
        "owner": "osx-cross",
        "repo": "homebrew-arm",
        "rev": "e3bb686fb159097c2fb3ee6d1acb3f7e4dd8a184",
        "type": "github"
      },
      "original": {
        "owner": "osx-cross",
        "repo": "homebrew-arm",
        "type": "github"
      }
    },
    "homebrew-tinycast": {
      "flake": false,
      "locked": {
        "lastModified": 1787694515,
        "narHash": "sha256-Tn5wtL1p2lWLC6dFRcmmA1y+/7LDEON4yo8WWq0hFoE=",
        "owner": "abue-ammar",
        "repo": "homebrew-tinycast",
        "rev": "6f0e2647e8e85e6caa8b6c7ab2307e913004e585",
        "type": "github"
      },
      "original": {
        "owner": "abue-ammar",
        "repo": "homebrew-tinycast",
        "type": "github"
      }
    },
    "import-tree": {
      "locked": {
        "lastModified": 1784254960,
        "narHash": "sha256-iI88R3wHz8wTKQb5orvpc51L/Xr64AJyxid/0MKa/b8=",
        "owner": "vic",
        "repo": "import-tree",
        "rev": "4ebb10ae17d5f1ad366e7aef5b92cb8eecf24f69",
        "type": "github"
      },
      "original": {
        "owner": "vic",
        "repo": "import-tree",
        "type": "github"
      }
    },
    "nix-darwin": {
      "inputs": {
        "nixpkgs": [
          "nixpkgs"
        ]
      },
      "locked": {
        "lastModified": 1784123936,
        "narHash": "sha256-IOWwQMJhUxcojm0MRvuKs1fKLH727u4+hHeEOPhdUyA=",
        "owner": "LnL7",
        "repo": "nix-darwin",
        "rev": "a4cf1d10853b0d2be19b9eca35d749e201d70b55",
        "type": "github"
      },
      "original": {
        "owner": "LnL7",
        "repo": "nix-darwin",
        "type": "github"
      }
    },
    "nixpkgs": {
      "locked": {
        "lastModified": 1785318670,
        "narHash": "sha256-dN6Ou5x/+23FZLEpYP3IffO+NyJFzUlGumt1uu3MMaY=",
        "owner": "NixOS",
        "repo": "nixpkgs",
        "rev": "0954f7ee2f6bb3dc7d4e3d0d8bcb8fd4bde4cfc5",
        "type": "github"
      },
      "original": {
        "owner": "NixOS",
        "ref": "nixos-unstable",
        "repo": "nixpkgs",
        "type": "github"
      }
    },
    "paneru": {
      "inputs": {
        "crane": "crane",
        "flake-parts": [
          "flake-parts"
        ],
        "import-tree": "import-tree",
        "nix-darwin": [
          "nix-darwin"
        ],
        "nixpkgs": [
          "nixpkgs"
        ]
      },
      "locked": {
        "lastModified": 1787720650,
        "narHash": "sha256-XneMOeXJLx6A9xb3Poh8tUlLrdrUy8GvmTLjNzu1ymk=",
        "owner": "u-k-g",
        "repo": "paneru",
        "rev": "7df9cae8fd71e4d951d38cd6ca6c739e5e76a678",
        "type": "github"
      },
      "original": {
        "owner": "u-k-g",
        "repo": "paneru",
        "type": "github"
      }
    },
    "paperwm": {
      "flake": false,
      "locked": {
        "lastModified": 1787063726,
        "narHash": "sha256-tbz2MJQZogdh643kMvfUI9XMTBhC2Mzd//nHChShkMQ=",
        "ref": "refs/heads/main",
        "rev": "cb6dd31a392a0d79ed090befc03f05d0ad375bba",
        "revCount": 270,
        "type": "git",
        "url": "ssh://git@github.com/mogenson/PaperWM.spoon.git"
      },
      "original": {
        "type": "git",
        "url": "ssh://git@github.com/mogenson/PaperWM.spoon.git"
      }
    },
    "root": {
      "inputs": {
        "agenix": "agenix",
        "chaotic": "chaotic",
        "flake-parts": "flake-parts",
        "hjem": "hjem",
        "homebrew": "homebrew",
        "homebrew-apple": "homebrew-apple",
        "homebrew-cask": "homebrew-cask",
        "homebrew-core": "homebrew-core",
        "homebrew-felixkratz": "homebrew-felixkratz",
        "homebrew-osx-cross-arm": "homebrew-osx-cross-arm",
        "homebrew-tinycast": "homebrew-tinycast",
        "nix-darwin": "nix-darwin",
        "nixpkgs": "nixpkgs",
        "paneru": "paneru",
        "paperwm": "paperwm",
        "themes": "themes"
      }
    },
    "systems": {
      "locked": {
        "lastModified": 1681028828,
        "narHash": "sha256-Vy1rq5AaRuLzOxct8nz4T6wlgyUR7zLU309k9mBC768=",
        "owner": "nix-systems",
        "repo": "default",
        "rev": "da67096a3b9bf56a91d16901293e51ba5b49a27e",
        "type": "github"
      },
      "original": {
        "owner": "nix-systems",
        "repo": "default",
        "type": "github"
      }
    },
    "themes": {
      "locked": {
        "lastModified": 1770999457,
        "narHash": "sha256-018znIdT/TBFsNcDYv6l4NCnK96gDiJMODoIGqnVn7o=",
        "owner": "RGBCube",
        "repo": "ThemeNix",
        "rev": "3779a7ba289d88ea092063e8bc512cfe80f293ba",
        "type": "github"
      },
      "original": {
        "owner": "RGBCube",
        "repo": "ThemeNix",
        "type": "github"
      }
    }
  },
  "root": "root",
  "version": 7
}
